<?xml version="1.0" encoding="utf-8"?>
<Project ToolsVersion="4.0" xmlns="http://schemas.microsoft.com/developer/msbuild/2003">
  <ItemGroup>
    <Filter Include="Source Files">
      <UniqueIdentifier>{4FC737F1-C7A5-4376-A066-2A32D752A2FF}</UniqueIdentifier>
      <Extensions>cpp;c;cc;cxx;def;odl;idl;hpj;bat;asm;asmx</Extensions>
    </Filter>
    <Filter Include="Header Files">
      <UniqueIdentifier>{93995380-89BD-4b04-88EB-625FBE52EBFB}</UniqueIdentifier>
      <Extensions>h;hpp;hxx;hm;inl;inc;xsd</Extensions>
    </Filter>
    <Filter Include="Resource Files">
      <UniqueIdentifier>{67DA6AB6-F800-4c08-8B7A-83BB121AAD01}</UniqueIdentifier>
      <Extensions>rc;ico;cur;bmp;dlg;rc2;rct;bin;rgs;gif;jpg;jpeg;jpe;resx;tiff;tif;png;wav</Extensions>
    </Filter>
    <Filter Include="HTML Help Files">
      <UniqueIdentifier>{09882737-53c9-4a55-af6d-a32437e64d0c}</UniqueIdentifier>
      <Extensions>hhp;hhc;hhk;gif;jpg</Extensions>
    </Filter>
    <Filter Include="HTML Help Topics">
      <UniqueIdentifier>{cbf53589-5547-4668-85b0-f9d76d75805b}</UniqueIdentifier>
      <Extensions>htm;html</Extensions>
    </Filter>
  </ItemGroup>
  <ItemGroup>
    <ClCompile Include="..\comnAudio\AudioPlayer.cpp">
      <Filter>Source Files</Filter>
    </ClCompile>
    <ClCompile Include="..\comnAudio\AudioPlayerStreaming.cpp">
      <Filter>Source Files</Filter>
    </ClCompile>
    <ClCompile Include="..\comnAudio\BitSourceAudio.cpp">
      <Filter>Source Files</Filter>
    </ClCompile>
    <ClCompile Include="..\comnAudio\BitSourceStreaming.cpp">
      <Filter>Source Files</Filter>
    </ClCompile>
    <ClCompile Include="..\comnCatalog\CalcedNoteExternal.cpp">
      <Filter>Source Files</Filter>
    </ClCompile>
    <ClCompile Include="..\comnAudio\CalcNote.cpp">
      <Filter>Source Files</Filter>
    </ClCompile>
    <ClCompile Include="..\comnGrafix\CommonGrafix.cpp">
      <Filter>Source Files</Filter>
    </ClCompile>
    <ClCompile Include="..\comnInterface\DetectorAbstracts.cpp">
      <Filter>Source Files</Filter>
    </ClCompile>
    <ClCompile Include="..\comnAudio\DFTtransforms.cpp">
      <Filter>Source Files</Filter>
    </ClCompile>
    <ClCompile Include="dlgAboutBoxRelease.cpp">
      <Filter>Source Files</Filter>
    </ClCompile>
    <ClCompile Include="..\comnAudio\EventMan.cpp">
      <Filter>Source Files</Filter>
    </ClCompile>
    <ClCompile Include="..\comnCatalog\External.cpp">
      <Filter>Source Files</Filter>
    </ClCompile>
    <ClCompile Include="..\comnAudio\FFTslowDown.cpp">
      <Filter>Source Files</Filter>
    </ClCompile>
    <ClCompile Include="..\comnMisc\FileUni.cpp">
      <Filter>Source Files</Filter>
    </ClCompile>
    <ClCompile Include="..\comnGrafix\FontsCd.cpp">
      <Filter>Source Files</Filter>
    </ClCompile>
    <ClCompile Include="..\comnAudio\FundamentalCandidate.cpp">
      <Filter>Source Files</Filter>
    </ClCompile>
    <ClCompile Include="..\comnAudio\FundCandidCalcer.cpp">
      <Filter>Source Files</Filter>
    </ClCompile>
    <ClCompile Include="..\comnInterface\Gauge.cpp">
      <Filter>Source Files</Filter>
    </ClCompile>
    <ClCompile Include="..\comnAudio\HarmPairsTrForm.cpp">
      <Filter>Source Files</Filter>
    </ClCompile>
    <ClCompile Include="..\comnAudio\HarmPairsVerter.cpp">
      <Filter>Source Files</Filter>
    </ClCompile>
    <ClCompile Include="..\comnGrafix\mapFilters.cpp">
      <Filter>Source Files</Filter>
    </ClCompile>
    <ClCompile Include="..\comnAudio\Mp3Reader.cpp">
      <Filter>Source Files</Filter>
    </ClCompile>
    <ClCompile Include="..\comnAudio\Mp3Reader2.cpp">
      <Filter>Source Files</Filter>
    </ClCompile>
    <ClCompile Include="..\comnAudio\NoteGenerator.cpp">
      <Filter>Source Files</Filter>
    </ClCompile>
    <ClCompile Include="..\comnGrafix\OffMap.cpp">
      <Filter>Source Files</Filter>
    </ClCompile>
    <ClCompile Include="PitchPlayer.cpp">
      <Filter>Source Files</Filter>
    </ClCompile>
    <ClCompile Include="..\comnFacade\PitchPlayerApp.cpp">
      <Filter>Source Files</Filter>
    </ClCompile>
    <ClCompile Include="PitchPlayerDlg.cpp">
      <Filter>Source Files</Filter>
    </ClCompile>
    <ClCompile Include="..\comnMisc\platformSpecific.cpp">
      <Filter>Source Files</Filter>
    </ClCompile>
    <ClCompile Include="..\comnAudio\PlayBuffer.cpp">
      <Filter>Source Files</Filter>
    </ClCompile>
    <ClCompile Include="..\comnAudio\ReSampler.cpp">
      <Filter>Source Files</Filter>
    </ClCompile>
    <ClCompile Include="..\comnAudio\SequencerMidi.cpp">
      <Filter>Source Files</Filter>
    </ClCompile>
    <ClCompile Include="SettingsDlg.cpp">
      <Filter>Source Files</Filter>
    </ClCompile>
    <ClCompile Include="..\comnAudio\SndFilters.cpp">
      <Filter>Source Files</Filter>
    </ClCompile>
    <ClCompile Include="..\comnAudio\SndSample.cpp">
      <Filter>Source Files</Filter>
    </ClCompile>
    <ClCompile Include="..\comnFacade\SoundHelper.cpp">
      <Filter>Source Files</Filter>
    </ClCompile>
    <ClCompile Include="..\comnAudio\SPitchCalc.cpp">
      <Filter>Source Files</Filter>
    </ClCompile>
    <ClCompile Include="stdafx.cpp">
      <Filter>Source Files</Filter>
    </ClCompile>
    <ClCompile Include="..\comnGrafix\TransformMap.cpp">
      <Filter>Source Files</Filter>
    </ClCompile>
    <ClCompile Include="..\comnAudio\WavConvert.cpp">
      <Filter>Source Files</Filter>
    </ClCompile>
    <ClCompile Include="..\comnAudio\WaveJP.cpp">
      <Filter>Source Files</Filter>
    </ClCompile>
  </ItemGroup>
  <ItemGroup>
    <ClInclude Include="..\comnAudio\AudioPlayer.h">
      <Filter>Header Files</Filter>
    </ClInclude>
    <ClInclude Include="..\comnAudio\BitSourceAudio.h">
      <Filter>Header Files</Filter>
    </ClInclude>
    <ClInclude Include="..\comnCatalog\CalcedNoteExternal.h">
      <Filter>Header Files</Filter>
    </ClInclude>
    <ClInclude Include="..\comnAudio\CalcNote.h">
      <Filter>Header Files</Filter>
    </ClInclude>
    <ClInclude Include="..\comnGrafix\commongrafix.h">
      <Filter>Header Files</Filter>
    </ClInclude>
    <ClInclude Include="..\comnInterface\DetectorAbstracts.h">
      <Filter>Header Files</Filter>
    </ClInclude>
    <ClInclude Include="..\comnAudio\DFTtransforms.h">
      <Filter>Header Files</Filter>
    </ClInclude>
    <ClInclude Include="dlgAboutBoxRelease.h">
      <Filter>Header Files</Filter>
    </ClInclude>
    <ClInclude Include="..\comnAudio\EventMan.h">
      <Filter>Header Files</Filter>
    </ClInclude>
    <ClInclude Include="..\comnCatalog\External.h">
      <Filter>Header Files</Filter>
    </ClInclude>
    <ClInclude Include="..\comnAudio\FFTslowDown.h">
      <Filter>Header Files</Filter>
    </ClInclude>
    <ClInclude Include="..\comnMisc\FileUni.h">
      <Filter>Header Files</Filter>
    </ClInclude>
    <ClInclude Include="..\comnGrafix\FontsCd.h">
      <Filter>Header Files</Filter>
    </ClInclude>
    <ClInclude Include="..\comnAudio\FundamentalCandidate.h">
      <Filter>Header Files</Filter>
    </ClInclude>
    <ClInclude Include="..\comnAudio\FundCandidCalcer.h">
      <Filter>Header Files</Filter>
    </ClInclude>
    <ClInclude Include="..\comnInterface\Gauge.h">
      <Filter>Header Files</Filter>
    </ClInclude>
    <ClInclude Include="..\comnAudio\HarmPairsTrForm.h">
      <Filter>Header Files</Filter>
    </ClInclude>
    <ClInclude Include="..\comnAudio\HarmPairsVerter.h">
      <Filter>Header Files</Filter>
    </ClInclude>
    <ClInclude Include="..\comnGrafix\mapFilters.h">
      <Filter>Header Files</Filter>
    </ClInclude>
    <ClInclude Include="..\comnAudio\Mp3Decoder.h">
      <Filter>Header Files</Filter>
    </ClInclude>
    <ClInclude Include="..\comnAudio\NoteGenerator.h">
      <Filter>Header Files</Filter>
    </ClInclude>
    <ClInclude Include="..\comnGrafix\OffMap.h">
      <Filter>Header Files</Filter>
    </ClInclude>
    <ClInclude Include="PitchPlayer.h">
      <Filter>Header Files</Filter>
    </ClInclude>
    <ClInclude Include="..\comnFacade\PitchPlayerApp.h">
      <Filter>Header Files</Filter>
    </ClInclude>
    <ClInclude Include="PitchPlayerDlg.h">
      <Filter>Header Files</Filter>
    </ClInclude>
    <ClInclude Include="..\comnAudio\PlayBuffer.h">
      <Filter>Header Files</Filter>
    </ClInclude>
    <ClInclude Include="..\comnMisc\PrintMan.h">
      <Filter>Header Files</Filter>
    </ClInclude>
    <ClInclude Include="..\comnAudio\ReSampler.h">
      <Filter>Header Files</Filter>
    </ClInclude>
    <ClInclude Include="..\comnAudio\SequencerMidi.h">
      <Filter>Header Files</Filter>
    </ClInclude>
    <ClInclude Include="SettingsDlg.h">
      <Filter>Header Files</Filter>
    </ClInclude>
    <ClInclude Include="..\comnAudio\SndFilters.h">
      <Filter>Header Files</Filter>
    </ClInclude>
    <ClInclude Include="..\comnAudio\SndSample.h">
      <Filter>Header Files</Filter>
    </ClInclude>
    <ClInclude Include="..\comnFacade\SoundHelper.h">
      <Filter>Header Files</Filter>
    </ClInclude>
    <ClInclude Include="..\comnAudio\SPitchCalc.h">
      <Filter>Header Files</Filter>
    </ClInclude>
    <ClInclude Include="stdafx.h">
      <Filter>Header Files</Filter>
    </ClInclude>
    <ClInclude Include="..\comnGrafix\transformmap.h">
      <Filter>Header Files</Filter>
    </ClInclude>
    <ClInclude Include="..\comnFacade\VoxAppsGlobals.h">
      <Filter>Header Files</Filter>
    </ClInclude>
    <ClInclude Include="..\comnAudio\WavConvert.h">
      <Filter>Header Files</Filter>
    </ClInclude>
    <ClInclude Include="..\comnAudio\WaveJP.h">
      <Filter>Header Files</Filter>
    </ClInclude>
  </ItemGroup>
  <ItemGroup>
    <None Include="..\DialogsShared\bitmapPlayer_Font6.bmp">
      <Filter>Resource Files</Filter>
    </None>
    <None Include="..\DialogsShared\gotoFilesEnd.bmp">
      <Filter>Resource Files</Filter>
    </None>
    <None Include="..\DialogsShared\gotoFileStart.bmp">
      <Filter>Resource Files</Filter>
    </None>
    <None Include="res\icon1.ico">
      <Filter>Resource Files</Filter>
    </None>
    <None Include="..\DialogsShared\pausePlay.bmp">
      <Filter>Resource Files</Filter>
    </None>
    <None Include="res\PitchPlayer.ico">
      <Filter>Resource Files</Filter>
    </None>
    <None Include="res\PitchPlayer.rc2">
      <Filter>Resource Files</Filter>
    </None>
    <None Include="..\DialogsShared\playBackwards.bmp">
      <Filter>Resource Files</Filter>
    </None>
    <None Include="..\DialogsShared\playForward.bmp">
      <Filter>Resource Files</Filter>
    </None>
    <None Include="hlp\PitchPlayer.hhc">
      <Filter>HTML Help Files</Filter>
    </None>
    <None Include="hlp\PitchPlayer.hhk">
      <Filter>HTML Help Files</Filter>
    </None>
    <None Include="hlp\About_Pitchscope_Player.htm">
      <Filter>HTML Help Topics</Filter>
    </None>
    <None Include="ReadMe.txt" />
  </ItemGroup>
  <ItemGroup>
    <ResourceCompile Include="PitchPlayer.rc">
      <Filter>Resource Files</Filter>
    </ResourceCompile>
  </ItemGroup>
  <ItemGroup>
    <CustomBuild Include="Resource.h">
      <Filter>Header Files</Filter>
    </CustomBuild>
    <CustomBuild Include="hlp\PitchPlayer.hhp">
      <Filter>HTML Help Files</Filter>
    </CustomBuild>
  </ItemGroup>
</Project>